
Microsoft Visual Studio Solution File, Format Version 12.00
# Visual Studio Version 16
VisualStudioVersion = 16.0.29201.188
MinimumVisualStudioVersion = 10.0.40219.1
Project("{FAE04EC0-301F-11D3-BF4B-00C04F79EFBC}") = "Traiding.Core", "Traiding.Core\Traiding.Core.csproj", "{234982A1-BF88-438B-9B3D-05ACD2BFBE1E}"
EndProject
Project("{FAE04EC0-301F-11D3-BF4B-00C04F79EFBC}") = "Traiding.Core.Tests", "Traiding.Core.Tests\Traiding.Core.Tests.csproj", "{C2E7AEB4-64D5-4BC2-82C0-70ADFC2EDB62}"
EndProject
Project("{FAE04EC0-301F-11D3-BF4B-00C04F79EFBC}") = "Traiding.ConsoleApp", "Traiding.ConsoleApp\Traiding.ConsoleApp.csproj", "{44B26FD8-E4B3-4D06-B724-10AFAE93F4BD}"
EndProject
Project("{FAE04EC0-301F-11D3-BF4B-00C04F79EFBC}") = "Traiding.WebAPIConsole", "Traiding.WebAPIConsole\Traiding.WebAPIConsole.csproj", "{277838F2-FBA3-411F-849F-72C2323F5CE0}"
EndProject
Global
	GlobalSection(SolutionConfigurationPlatforms) = preSolution
		Debug|Any CPU = Debug|Any CPU
		Release|Any CPU = Release|Any CPU
	EndGlobalSection
	GlobalSection(ProjectConfigurationPlatforms) = postSolution
		{234982A1-BF88-438B-9B3D-05ACD2BFBE1E}.Debug|Any CPU.ActiveCfg = Debug|Any CPU
		{234982A1-BF88-438B-9B3D-05ACD2BFBE1E}.Debug|Any CPU.Build.0 = Debug|Any CPU
		{234982A1-BF88-438B-9B3D-05ACD2BFBE1E}.Release|Any CPU.ActiveCfg = Release|Any CPU
		{234982A1-BF88-438B-9B3D-05ACD2BFBE1E}.Release|Any CPU.Build.0 = Release|Any CPU
		{C2E7AEB4-64D5-4BC2-82C0-70ADFC2EDB62}.Debug|Any CPU.ActiveCfg = Debug|Any CPU
		{C2E7AEB4-64D5-4BC2-82C0-70ADFC2EDB62}.Debug|Any CPU.Build.0 = Debug|Any CPU
		{C2E7AEB4-64D5-4BC2-82C0-70ADFC2EDB62}.Release|Any CPU.ActiveCfg = Release|Any CPU
		{C2E7AEB4-64D5-4BC2-82C0-70ADFC2EDB62}.Release|Any CPU.Build.0 = Release|Any CPU
		{44B26FD8-E4B3-4D06-B724-10AFAE93F4BD}.Debug|Any CPU.ActiveCfg = Debug|Any CPU
		{44B26FD8-E4B3-4D06-B724-10AFAE93F4BD}.Debug|Any CPU.Build.0 = Debug|Any CPU
		{44B26FD8-E4B3-4D06-B724-10AFAE93F4BD}.Release|Any CPU.ActiveCfg = Release|Any CPU
		{44B26FD8-E4B3-4D06-B724-10AFAE93F4BD}.Release|Any CPU.Build.0 = Release|Any CPU
		{277838F2-FBA3-411F-849F-72C2323F5CE0}.Debug|Any CPU.ActiveCfg = Debug|Any CPU
		{277838F2-FBA3-411F-849F-72C2323F5CE0}.Debug|Any CPU.Build.0 = Debug|Any CPU
		{277838F2-FBA3-411F-849F-72C2323F5CE0}.Release|Any CPU.ActiveCfg = Release|Any CPU
		{277838F2-FBA3-411F-849F-72C2323F5CE0}.Release|Any CPU.Build.0 = Release|Any CPU
	EndGlobalSection
	GlobalSection(SolutionProperties) = preSolution
		HideSolutionNode = FALSE
	EndGlobalSection
	GlobalSection(ExtensibilityGlobals) = postSolution
		SolutionGuid = {6A72687C-81CE-4D2E-8308-5C402D57EB52}
	EndGlobalSection
EndGlobal
