
Microsoft Visual Studio Solution File, Format Version 12.00
# Visual Studio Version 16
VisualStudioVersion = 16.0.29102.190
MinimumVisualStudioVersion = 10.0.40219.1
Project("{FAE04EC0-301F-11D3-BF4B-00C04F79EFBC}") = "HW2", "HW2\HW2.csproj", "{DAAD0EF2-799F-4EF2-BDA6-851AF66D3907}"
EndProject
Global
	GlobalSection(SolutionConfigurationPlatforms) = preSolution
		Debug|Any CPU = Debug|Any CPU
		Release|Any CPU = Release|Any CPU
	EndGlobalSection
	GlobalSection(ProjectConfigurationPlatforms) = postSolution
		{DAAD0EF2-799F-4EF2-BDA6-851AF66D3907}.Debug|Any CPU.ActiveCfg = Debug|Any CPU
		{DAAD0EF2-799F-4EF2-BDA6-851AF66D3907}.Debug|Any CPU.Build.0 = Debug|Any CPU
		{DAAD0EF2-799F-4EF2-BDA6-851AF66D3907}.Release|Any CPU.ActiveCfg = Release|Any CPU
		{DAAD0EF2-799F-4EF2-BDA6-851AF66D3907}.Release|Any CPU.Build.0 = Release|Any CPU
	EndGlobalSection
	GlobalSection(SolutionProperties) = preSolution
		HideSolutionNode = FALSE
	EndGlobalSection
	GlobalSection(ExtensibilityGlobals) = postSolution
		SolutionGuid = {FE2BF1DE-E884-4513-8E25-9AF85C729172}
	EndGlobalSection
EndGlobal
