
Microsoft Visual Studio Solution File, Format Version 12.00
# Visual Studio Version 16
VisualStudioVersion = 16.0.29102.190
MinimumVisualStudioVersion = 10.0.40219.1
Project("{FAE04EC0-301F-11D3-BF4B-00C04F79EFBC}") = "HW2_doors_and_levels_refactoring", "HW2_doors_and_levels_refactoring.csproj", "{53DBFD1A-34C2-4F21-B4DA-431FE2E81AAB}"
EndProject
Global
	GlobalSection(SolutionConfigurationPlatforms) = preSolution
		Debug|Any CPU = Debug|Any CPU
		Release|Any CPU = Release|Any CPU
	EndGlobalSection
	GlobalSection(ProjectConfigurationPlatforms) = postSolution
		{53DBFD1A-34C2-4F21-B4DA-431FE2E81AAB}.Debug|Any CPU.ActiveCfg = Debug|Any CPU
		{53DBFD1A-34C2-4F21-B4DA-431FE2E81AAB}.Debug|Any CPU.Build.0 = Debug|Any CPU
		{53DBFD1A-34C2-4F21-B4DA-431FE2E81AAB}.Release|Any CPU.ActiveCfg = Release|Any CPU
		{53DBFD1A-34C2-4F21-B4DA-431FE2E81AAB}.Release|Any CPU.Build.0 = Release|Any CPU
	EndGlobalSection
	GlobalSection(SolutionProperties) = preSolution
		HideSolutionNode = FALSE
	EndGlobalSection
	GlobalSection(ExtensibilityGlobals) = postSolution
		SolutionGuid = {8FB92050-BCB3-492F-95CB-0E49FF4CB1C2}
	EndGlobalSection
EndGlobal
