
Microsoft Visual Studio Solution File, Format Version 12.00
# Visual Studio Version 16
VisualStudioVersion = 16.0.29102.190
MinimumVisualStudioVersion = 10.0.40219.1
Project("{FAE04EC0-301F-11D3-BF4B-00C04F79EFBC}") = "HW3", "HW3\HW3.csproj", "{96F70DBE-8A78-4BD9-9620-90BB8320BFFD}"
EndProject
Global
	GlobalSection(SolutionConfigurationPlatforms) = preSolution
		Debug|Any CPU = Debug|Any CPU
		Release|Any CPU = Release|Any CPU
	EndGlobalSection
	GlobalSection(ProjectConfigurationPlatforms) = postSolution
		{96F70DBE-8A78-4BD9-9620-90BB8320BFFD}.Debug|Any CPU.ActiveCfg = Debug|Any CPU
		{96F70DBE-8A78-4BD9-9620-90BB8320BFFD}.Debug|Any CPU.Build.0 = Debug|Any CPU
		{96F70DBE-8A78-4BD9-9620-90BB8320BFFD}.Release|Any CPU.ActiveCfg = Release|Any CPU
		{96F70DBE-8A78-4BD9-9620-90BB8320BFFD}.Release|Any CPU.Build.0 = Release|Any CPU
	EndGlobalSection
	GlobalSection(SolutionProperties) = preSolution
		HideSolutionNode = FALSE
	EndGlobalSection
	GlobalSection(ExtensibilityGlobals) = postSolution
		SolutionGuid = {4E7FC701-69AF-41C2-B791-609BD81EA835}
	EndGlobalSection
EndGlobal
