
Microsoft Visual Studio Solution File, Format Version 12.00
# Visual Studio Version 16
VisualStudioVersion = 16.0.29215.179
MinimumVisualStudioVersion = 10.0.40219.1
Project("{FAE04EC0-301F-11D3-BF4B-00C04F79EFBC}") = "Multithread.Simulator", "Multithread.Simulator\Multithread.Simulator.csproj", "{48FFA331-1A68-470F-8954-46B8A14C7E06}"
EndProject
Global
	GlobalSection(SolutionConfigurationPlatforms) = preSolution
		Debug|Any CPU = Debug|Any CPU
		Release|Any CPU = Release|Any CPU
	EndGlobalSection
	GlobalSection(ProjectConfigurationPlatforms) = postSolution
		{48FFA331-1A68-470F-8954-46B8A14C7E06}.Debug|Any CPU.ActiveCfg = Debug|Any CPU
		{48FFA331-1A68-470F-8954-46B8A14C7E06}.Debug|Any CPU.Build.0 = Debug|Any CPU
		{48FFA331-1A68-470F-8954-46B8A14C7E06}.Release|Any CPU.ActiveCfg = Release|Any CPU
		{48FFA331-1A68-470F-8954-46B8A14C7E06}.Release|Any CPU.Build.0 = Release|Any CPU
	EndGlobalSection
	GlobalSection(SolutionProperties) = preSolution
		HideSolutionNode = FALSE
	EndGlobalSection
	GlobalSection(ExtensibilityGlobals) = postSolution
		SolutionGuid = {A6B2F524-5673-4B96-ADA5-1C7A43FD2F3A}
	EndGlobalSection
EndGlobal
