
Microsoft Visual Studio Solution File, Format Version 12.00
# Visual Studio Version 16
VisualStudioVersion = 16.0.29102.190
MinimumVisualStudioVersion = 10.0.40219.1
Project("{FAE04EC0-301F-11D3-BF4B-00C04F79EFBC}") = "doors-levels", "doors-levels.csproj", "{EDE10273-D617-4B62-AE39-FE6042440DD1}"
EndProject
Global
	GlobalSection(SolutionConfigurationPlatforms) = preSolution
		Debug|Any CPU = Debug|Any CPU
		Release|Any CPU = Release|Any CPU
	EndGlobalSection
	GlobalSection(ProjectConfigurationPlatforms) = postSolution
		{EDE10273-D617-4B62-AE39-FE6042440DD1}.Debug|Any CPU.ActiveCfg = Debug|Any CPU
		{EDE10273-D617-4B62-AE39-FE6042440DD1}.Debug|Any CPU.Build.0 = Debug|Any CPU
		{EDE10273-D617-4B62-AE39-FE6042440DD1}.Release|Any CPU.ActiveCfg = Release|Any CPU
		{EDE10273-D617-4B62-AE39-FE6042440DD1}.Release|Any CPU.Build.0 = Release|Any CPU
	EndGlobalSection
	GlobalSection(SolutionProperties) = preSolution
		HideSolutionNode = FALSE
	EndGlobalSection
	GlobalSection(ExtensibilityGlobals) = postSolution
		SolutionGuid = {A117B098-3684-4050-8510-47B0A80E9B3B}
	EndGlobalSection
EndGlobal
