
Microsoft Visual Studio Solution File, Format Version 12.00
# Visual Studio Version 16
VisualStudioVersion = 16.0.29230.47
MinimumVisualStudioVersion = 10.0.40219.1
Project("{FAE04EC0-301F-11D3-BF4B-00C04F79EFBC}") = "MultithreadApp", "MultithreadApp\MultithreadApp.csproj", "{756C4A41-6FCB-4630-AF15-5016C3D70EC8}"
EndProject
Project("{FAE04EC0-301F-11D3-BF4B-00C04F79EFBC}") = "MultithreadApp.Tests", "MultithreadApp.Test\MultithreadApp.Tests.csproj", "{DE94D8AE-54D2-4A4E-A630-2C9D8607BE9C}"
EndProject
Project("{FAE04EC0-301F-11D3-BF4B-00C04F79EFBC}") = "MultithreadApp.Core", "MultithreadApp.Core\MultithreadApp.Core.csproj", "{1B2DBDD5-CF87-42D6-9B78-E7332E5CB424}"
EndProject
Global
	GlobalSection(SolutionConfigurationPlatforms) = preSolution
		Debug|Any CPU = Debug|Any CPU
		Release|Any CPU = Release|Any CPU
	EndGlobalSection
	GlobalSection(ProjectConfigurationPlatforms) = postSolution
		{756C4A41-6FCB-4630-AF15-5016C3D70EC8}.Debug|Any CPU.ActiveCfg = Debug|Any CPU
		{756C4A41-6FCB-4630-AF15-5016C3D70EC8}.Debug|Any CPU.Build.0 = Debug|Any CPU
		{756C4A41-6FCB-4630-AF15-5016C3D70EC8}.Release|Any CPU.ActiveCfg = Release|Any CPU
		{756C4A41-6FCB-4630-AF15-5016C3D70EC8}.Release|Any CPU.Build.0 = Release|Any CPU
		{DE94D8AE-54D2-4A4E-A630-2C9D8607BE9C}.Debug|Any CPU.ActiveCfg = Debug|Any CPU
		{DE94D8AE-54D2-4A4E-A630-2C9D8607BE9C}.Debug|Any CPU.Build.0 = Debug|Any CPU
		{DE94D8AE-54D2-4A4E-A630-2C9D8607BE9C}.Release|Any CPU.ActiveCfg = Release|Any CPU
		{DE94D8AE-54D2-4A4E-A630-2C9D8607BE9C}.Release|Any CPU.Build.0 = Release|Any CPU
		{1B2DBDD5-CF87-42D6-9B78-E7332E5CB424}.Debug|Any CPU.ActiveCfg = Debug|Any CPU
		{1B2DBDD5-CF87-42D6-9B78-E7332E5CB424}.Debug|Any CPU.Build.0 = Debug|Any CPU
		{1B2DBDD5-CF87-42D6-9B78-E7332E5CB424}.Release|Any CPU.ActiveCfg = Release|Any CPU
		{1B2DBDD5-CF87-42D6-9B78-E7332E5CB424}.Release|Any CPU.Build.0 = Release|Any CPU
	EndGlobalSection
	GlobalSection(SolutionProperties) = preSolution
		HideSolutionNode = FALSE
	EndGlobalSection
	GlobalSection(ExtensibilityGlobals) = postSolution
		SolutionGuid = {66D3B51F-8679-406F-8D0A-28BD68F22686}
	EndGlobalSection
EndGlobal
