
Microsoft Visual Studio Solution File, Format Version 12.00
# Visual Studio Version 16
VisualStudioVersion = 16.0.29209.62
MinimumVisualStudioVersion = 10.0.40219.1
Project("{9A19103F-16F7-4668-BE54-9A1E7A4F7556}") = "TradingSimulator.Core", "TradingSimulator.Core\TradingSimulator.Core.csproj", "{C5ADCEE3-1D5A-4A09-812B-400712BE1F38}"
EndProject
Project("{FAE04EC0-301F-11D3-BF4B-00C04F79EFBC}") = "TradingSimulator.Core.Tests", "TradingSimulator.Core.Tests\TradingSimulator.Core.Tests.csproj", "{57BB2ACF-FF1E-4EE7-800B-F99062E05CF2}"
EndProject
Project("{FAE04EC0-301F-11D3-BF4B-00C04F79EFBC}") = "TradingSimulator.ConsoleApp", "TradingSimulator.ConsoleApp\TradingSimulator.ConsoleApp.csproj", "{F57B2F62-2DEA-4878-9120-EBBF8B8C2B67}"
EndProject
Global
	GlobalSection(SolutionConfigurationPlatforms) = preSolution
		Debug|Any CPU = Debug|Any CPU
		Release|Any CPU = Release|Any CPU
	EndGlobalSection
	GlobalSection(ProjectConfigurationPlatforms) = postSolution
		{C5ADCEE3-1D5A-4A09-812B-400712BE1F38}.Debug|Any CPU.ActiveCfg = Debug|Any CPU
		{C5ADCEE3-1D5A-4A09-812B-400712BE1F38}.Debug|Any CPU.Build.0 = Debug|Any CPU
		{C5ADCEE3-1D5A-4A09-812B-400712BE1F38}.Release|Any CPU.ActiveCfg = Release|Any CPU
		{C5ADCEE3-1D5A-4A09-812B-400712BE1F38}.Release|Any CPU.Build.0 = Release|Any CPU
		{57BB2ACF-FF1E-4EE7-800B-F99062E05CF2}.Debug|Any CPU.ActiveCfg = Debug|Any CPU
		{57BB2ACF-FF1E-4EE7-800B-F99062E05CF2}.Debug|Any CPU.Build.0 = Debug|Any CPU
		{57BB2ACF-FF1E-4EE7-800B-F99062E05CF2}.Release|Any CPU.ActiveCfg = Release|Any CPU
		{57BB2ACF-FF1E-4EE7-800B-F99062E05CF2}.Release|Any CPU.Build.0 = Release|Any CPU
		{F57B2F62-2DEA-4878-9120-EBBF8B8C2B67}.Debug|Any CPU.ActiveCfg = Debug|Any CPU
		{F57B2F62-2DEA-4878-9120-EBBF8B8C2B67}.Debug|Any CPU.Build.0 = Debug|Any CPU
		{F57B2F62-2DEA-4878-9120-EBBF8B8C2B67}.Release|Any CPU.ActiveCfg = Release|Any CPU
		{F57B2F62-2DEA-4878-9120-EBBF8B8C2B67}.Release|Any CPU.Build.0 = Release|Any CPU
	EndGlobalSection
	GlobalSection(SolutionProperties) = preSolution
		HideSolutionNode = FALSE
	EndGlobalSection
	GlobalSection(ExtensibilityGlobals) = postSolution
		SolutionGuid = {313128CA-29D1-4098-AB7B-CB5E855857EB}
	EndGlobalSection
EndGlobal
