
Microsoft Visual Studio Solution File, Format Version 12.00
# Visual Studio Version 16
VisualStudioVersion = 16.0.29102.190
MinimumVisualStudioVersion = 10.0.40219.1
Project("{9A19103F-16F7-4668-BE54-9A1E7A4F7556}") = "ReferencesVsValues", "ReferencesVsValues\ReferencesVsValues.csproj", "{C5B96A5B-F966-4F8A-821F-25B0DDAF9F73}"
EndProject
Project("{FAE04EC0-301F-11D3-BF4B-00C04F79EFBC}") = "WindowsFormsAppExample", "WindowsFormsAppExample\WindowsFormsAppExample.csproj", "{BEB1FC6F-898F-46D1-8AB0-14E5E7811D9B}"
EndProject
Project("{9A19103F-16F7-4668-BE54-9A1E7A4F7556}") = "ClassesVsInterfaces", "ClassesVsInterfaces\ClassesVsInterfaces.csproj", "{E441E96E-64E9-4E84-B2CC-DB1B9543C572}"
EndProject
Project("{FAE04EC0-301F-11D3-BF4B-00C04F79EFBC}") = "HashCodeVsEquals", "HashCodeVsEquals\HashCodeVsEquals.csproj", "{0B108D9B-4351-4726-B2FE-B4456B7F3364}"
EndProject
Project("{9A19103F-16F7-4668-BE54-9A1E7A4F7556}") = "DoorsAndLevelsBeforeRefactoring", "DoorsAndLevelsBeforeRefactoring\DoorsAndLevelsBeforeRefactoring.csproj", "{61FBB1F8-D918-4F1D-85A2-E07E57F3B452}"
EndProject
Project("{9A19103F-16F7-4668-BE54-9A1E7A4F7556}") = "DoorsAndLevelsAfterRefactoring", "DoorsAndLevelsAfterRefactoring\DoorsAndLevelsAfterRefactoring.csproj", "{5568D0F0-081B-41E9-B1F7-1560B85FBEEE}"
EndProject
Project("{9A19103F-16F7-4668-BE54-9A1E7A4F7556}") = "Collections", "Collections\Collections.csproj", "{8F02DB5E-5D0C-43F9-A2A2-FEF126D7A319}"
EndProject
Project("{9A19103F-16F7-4668-BE54-9A1E7A4F7556}") = "Generics", "Generics\Generics.csproj", "{C9135AFB-41DE-44A5-954A-A39A0969DB83}"
EndProject
Project("{9A19103F-16F7-4668-BE54-9A1E7A4F7556}") = "Delegates", "Delegates\Delegates.csproj", "{AB513DE0-9D08-43A0-B328-C9DB9D312B9B}"
EndProject
Project("{9A19103F-16F7-4668-BE54-9A1E7A4F7556}") = "RoslynTestingApp", "RoslynTestingApp\RoslynTestingApp.csproj", "{2E0D7727-D859-49AC-9ED7-602BEE127256}"
EndProject
Project("{9A19103F-16F7-4668-BE54-9A1E7A4F7556}") = "Events", "Events\Events.csproj", "{D68318FE-F639-4AC6-B668-05796D7F9E79}"
EndProject
Project("{FAE04EC0-301F-11D3-BF4B-00C04F79EFBC}") = "ConsoleLogic", "ConsoleLogic\ConsoleLogic.csproj", "{D2A87B24-B83C-46F0-9313-1434C788FCA9}"
EndProject
Project("{FAE04EC0-301F-11D3-BF4B-00C04F79EFBC}") = "ConsoleLogic.Tests", "ConsoleLogic.Tests\ConsoleLogic.Tests.csproj", "{92034E81-7F4F-4820-A70F-939D875DEA20}"
EndProject
Project("{FAE04EC0-301F-11D3-BF4B-00C04F79EFBC}") = "LinqToSql", "LinqToSql\LinqToSql.csproj", "{705B0B47-E7EA-4AD4-A782-E3E60B1E4F29}"
EndProject
Project("{00D1A9C2-B5F0-4AF3-8072-F6C62B433612}") = "Northwind", "Northwind\Northwind.sqlproj", "{783D32C8-0988-4285-9207-26DBA110F2C9}"
EndProject
Project("{FAE04EC0-301F-11D3-BF4B-00C04F79EFBC}") = "EntitySample", "EntitySample\EntitySample.csproj", "{851456D3-A9A8-489F-BF31-FB03338EB419}"
EndProject
Project("{FAE04EC0-301F-11D3-BF4B-00C04F79EFBC}") = "EntityForNorthwind", "EntityForNorthwind\EntityForNorthwind.csproj", "{0E91EE84-0237-4F1D-9394-D5CEC7CAF0EB}"
EndProject
Project("{9A19103F-16F7-4668-BE54-9A1E7A4F7556}") = "WebApplication1", "WebApplication1\WebApplication1.csproj", "{711F86AE-3201-413D-ABC7-5FEE3420495E}"
EndProject
Project("{9A19103F-16F7-4668-BE54-9A1E7A4F7556}") = "TestApplicationServer", "TestApplicationServer\TestApplicationServer.csproj", "{8937A15D-99B6-4C71-BD03-7A1D34995156}"
EndProject
Global
	GlobalSection(SolutionConfigurationPlatforms) = preSolution
		Debug|Any CPU = Debug|Any CPU
		Debug|x64 = Debug|x64
		Debug|x86 = Debug|x86
		Release|Any CPU = Release|Any CPU
		Release|x64 = Release|x64
		Release|x86 = Release|x86
	EndGlobalSection
	GlobalSection(ProjectConfigurationPlatforms) = postSolution
		{C5B96A5B-F966-4F8A-821F-25B0DDAF9F73}.Debug|Any CPU.ActiveCfg = Debug|Any CPU
		{C5B96A5B-F966-4F8A-821F-25B0DDAF9F73}.Debug|Any CPU.Build.0 = Debug|Any CPU
		{C5B96A5B-F966-4F8A-821F-25B0DDAF9F73}.Debug|x64.ActiveCfg = Debug|Any CPU
		{C5B96A5B-F966-4F8A-821F-25B0DDAF9F73}.Debug|x64.Build.0 = Debug|Any CPU
		{C5B96A5B-F966-4F8A-821F-25B0DDAF9F73}.Debug|x86.ActiveCfg = Debug|Any CPU
		{C5B96A5B-F966-4F8A-821F-25B0DDAF9F73}.Debug|x86.Build.0 = Debug|Any CPU
		{C5B96A5B-F966-4F8A-821F-25B0DDAF9F73}.Release|Any CPU.ActiveCfg = Release|Any CPU
		{C5B96A5B-F966-4F8A-821F-25B0DDAF9F73}.Release|Any CPU.Build.0 = Release|Any CPU
		{C5B96A5B-F966-4F8A-821F-25B0DDAF9F73}.Release|x64.ActiveCfg = Release|Any CPU
		{C5B96A5B-F966-4F8A-821F-25B0DDAF9F73}.Release|x64.Build.0 = Release|Any CPU
		{C5B96A5B-F966-4F8A-821F-25B0DDAF9F73}.Release|x86.ActiveCfg = Release|Any CPU
		{C5B96A5B-F966-4F8A-821F-25B0DDAF9F73}.Release|x86.Build.0 = Release|Any CPU
		{BEB1FC6F-898F-46D1-8AB0-14E5E7811D9B}.Debug|Any CPU.ActiveCfg = Debug|Any CPU
		{BEB1FC6F-898F-46D1-8AB0-14E5E7811D9B}.Debug|Any CPU.Build.0 = Debug|Any CPU
		{BEB1FC6F-898F-46D1-8AB0-14E5E7811D9B}.Debug|x64.ActiveCfg = Debug|Any CPU
		{BEB1FC6F-898F-46D1-8AB0-14E5E7811D9B}.Debug|x64.Build.0 = Debug|Any CPU
		{BEB1FC6F-898F-46D1-8AB0-14E5E7811D9B}.Debug|x86.ActiveCfg = Debug|Any CPU
		{BEB1FC6F-898F-46D1-8AB0-14E5E7811D9B}.Debug|x86.Build.0 = Debug|Any CPU
		{BEB1FC6F-898F-46D1-8AB0-14E5E7811D9B}.Release|Any CPU.ActiveCfg = Release|Any CPU
		{BEB1FC6F-898F-46D1-8AB0-14E5E7811D9B}.Release|Any CPU.Build.0 = Release|Any CPU
		{BEB1FC6F-898F-46D1-8AB0-14E5E7811D9B}.Release|x64.ActiveCfg = Release|Any CPU
		{BEB1FC6F-898F-46D1-8AB0-14E5E7811D9B}.Release|x64.Build.0 = Release|Any CPU
		{BEB1FC6F-898F-46D1-8AB0-14E5E7811D9B}.Release|x86.ActiveCfg = Release|Any CPU
		{BEB1FC6F-898F-46D1-8AB0-14E5E7811D9B}.Release|x86.Build.0 = Release|Any CPU
		{E441E96E-64E9-4E84-B2CC-DB1B9543C572}.Debug|Any CPU.ActiveCfg = Debug|Any CPU
		{E441E96E-64E9-4E84-B2CC-DB1B9543C572}.Debug|Any CPU.Build.0 = Debug|Any CPU
		{E441E96E-64E9-4E84-B2CC-DB1B9543C572}.Debug|x64.ActiveCfg = Debug|Any CPU
		{E441E96E-64E9-4E84-B2CC-DB1B9543C572}.Debug|x64.Build.0 = Debug|Any CPU
		{E441E96E-64E9-4E84-B2CC-DB1B9543C572}.Debug|x86.ActiveCfg = Debug|Any CPU
		{E441E96E-64E9-4E84-B2CC-DB1B9543C572}.Debug|x86.Build.0 = Debug|Any CPU
		{E441E96E-64E9-4E84-B2CC-DB1B9543C572}.Release|Any CPU.ActiveCfg = Release|Any CPU
		{E441E96E-64E9-4E84-B2CC-DB1B9543C572}.Release|Any CPU.Build.0 = Release|Any CPU
		{E441E96E-64E9-4E84-B2CC-DB1B9543C572}.Release|x64.ActiveCfg = Release|Any CPU
		{E441E96E-64E9-4E84-B2CC-DB1B9543C572}.Release|x64.Build.0 = Release|Any CPU
		{E441E96E-64E9-4E84-B2CC-DB1B9543C572}.Release|x86.ActiveCfg = Release|Any CPU
		{E441E96E-64E9-4E84-B2CC-DB1B9543C572}.Release|x86.Build.0 = Release|Any CPU
		{0B108D9B-4351-4726-B2FE-B4456B7F3364}.Debug|Any CPU.ActiveCfg = Debug|Any CPU
		{0B108D9B-4351-4726-B2FE-B4456B7F3364}.Debug|Any CPU.Build.0 = Debug|Any CPU
		{0B108D9B-4351-4726-B2FE-B4456B7F3364}.Debug|x64.ActiveCfg = Debug|Any CPU
		{0B108D9B-4351-4726-B2FE-B4456B7F3364}.Debug|x64.Build.0 = Debug|Any CPU
		{0B108D9B-4351-4726-B2FE-B4456B7F3364}.Debug|x86.ActiveCfg = Debug|Any CPU
		{0B108D9B-4351-4726-B2FE-B4456B7F3364}.Debug|x86.Build.0 = Debug|Any CPU
		{0B108D9B-4351-4726-B2FE-B4456B7F3364}.Release|Any CPU.ActiveCfg = Release|Any CPU
		{0B108D9B-4351-4726-B2FE-B4456B7F3364}.Release|Any CPU.Build.0 = Release|Any CPU
		{0B108D9B-4351-4726-B2FE-B4456B7F3364}.Release|x64.ActiveCfg = Release|Any CPU
		{0B108D9B-4351-4726-B2FE-B4456B7F3364}.Release|x64.Build.0 = Release|Any CPU
		{0B108D9B-4351-4726-B2FE-B4456B7F3364}.Release|x86.ActiveCfg = Release|Any CPU
		{0B108D9B-4351-4726-B2FE-B4456B7F3364}.Release|x86.Build.0 = Release|Any CPU
		{61FBB1F8-D918-4F1D-85A2-E07E57F3B452}.Debug|Any CPU.ActiveCfg = Debug|Any CPU
		{61FBB1F8-D918-4F1D-85A2-E07E57F3B452}.Debug|Any CPU.Build.0 = Debug|Any CPU
		{61FBB1F8-D918-4F1D-85A2-E07E57F3B452}.Debug|x64.ActiveCfg = Debug|Any CPU
		{61FBB1F8-D918-4F1D-85A2-E07E57F3B452}.Debug|x64.Build.0 = Debug|Any CPU
		{61FBB1F8-D918-4F1D-85A2-E07E57F3B452}.Debug|x86.ActiveCfg = Debug|Any CPU
		{61FBB1F8-D918-4F1D-85A2-E07E57F3B452}.Debug|x86.Build.0 = Debug|Any CPU
		{61FBB1F8-D918-4F1D-85A2-E07E57F3B452}.Release|Any CPU.ActiveCfg = Release|Any CPU
		{61FBB1F8-D918-4F1D-85A2-E07E57F3B452}.Release|Any CPU.Build.0 = Release|Any CPU
		{61FBB1F8-D918-4F1D-85A2-E07E57F3B452}.Release|x64.ActiveCfg = Release|Any CPU
		{61FBB1F8-D918-4F1D-85A2-E07E57F3B452}.Release|x64.Build.0 = Release|Any CPU
		{61FBB1F8-D918-4F1D-85A2-E07E57F3B452}.Release|x86.ActiveCfg = Release|Any CPU
		{61FBB1F8-D918-4F1D-85A2-E07E57F3B452}.Release|x86.Build.0 = Release|Any CPU
		{5568D0F0-081B-41E9-B1F7-1560B85FBEEE}.Debug|Any CPU.ActiveCfg = Debug|Any CPU
		{5568D0F0-081B-41E9-B1F7-1560B85FBEEE}.Debug|Any CPU.Build.0 = Debug|Any CPU
		{5568D0F0-081B-41E9-B1F7-1560B85FBEEE}.Debug|x64.ActiveCfg = Debug|Any CPU
		{5568D0F0-081B-41E9-B1F7-1560B85FBEEE}.Debug|x64.Build.0 = Debug|Any CPU
		{5568D0F0-081B-41E9-B1F7-1560B85FBEEE}.Debug|x86.ActiveCfg = Debug|Any CPU
		{5568D0F0-081B-41E9-B1F7-1560B85FBEEE}.Debug|x86.Build.0 = Debug|Any CPU
		{5568D0F0-081B-41E9-B1F7-1560B85FBEEE}.Release|Any CPU.ActiveCfg = Release|Any CPU
		{5568D0F0-081B-41E9-B1F7-1560B85FBEEE}.Release|Any CPU.Build.0 = Release|Any CPU
		{5568D0F0-081B-41E9-B1F7-1560B85FBEEE}.Release|x64.ActiveCfg = Release|Any CPU
		{5568D0F0-081B-41E9-B1F7-1560B85FBEEE}.Release|x64.Build.0 = Release|Any CPU
		{5568D0F0-081B-41E9-B1F7-1560B85FBEEE}.Release|x86.ActiveCfg = Release|Any CPU
		{5568D0F0-081B-41E9-B1F7-1560B85FBEEE}.Release|x86.Build.0 = Release|Any CPU
		{8F02DB5E-5D0C-43F9-A2A2-FEF126D7A319}.Debug|Any CPU.ActiveCfg = Debug|Any CPU
		{8F02DB5E-5D0C-43F9-A2A2-FEF126D7A319}.Debug|Any CPU.Build.0 = Debug|Any CPU
		{8F02DB5E-5D0C-43F9-A2A2-FEF126D7A319}.Debug|x64.ActiveCfg = Debug|x64
		{8F02DB5E-5D0C-43F9-A2A2-FEF126D7A319}.Debug|x64.Build.0 = Debug|x64
		{8F02DB5E-5D0C-43F9-A2A2-FEF126D7A319}.Debug|x86.ActiveCfg = Debug|x86
		{8F02DB5E-5D0C-43F9-A2A2-FEF126D7A319}.Debug|x86.Build.0 = Debug|x86
		{8F02DB5E-5D0C-43F9-A2A2-FEF126D7A319}.Release|Any CPU.ActiveCfg = Release|Any CPU
		{8F02DB5E-5D0C-43F9-A2A2-FEF126D7A319}.Release|Any CPU.Build.0 = Release|Any CPU
		{8F02DB5E-5D0C-43F9-A2A2-FEF126D7A319}.Release|x64.ActiveCfg = Release|x64
		{8F02DB5E-5D0C-43F9-A2A2-FEF126D7A319}.Release|x64.Build.0 = Release|x64
		{8F02DB5E-5D0C-43F9-A2A2-FEF126D7A319}.Release|x86.ActiveCfg = Release|x86
		{8F02DB5E-5D0C-43F9-A2A2-FEF126D7A319}.Release|x86.Build.0 = Release|x86
		{C9135AFB-41DE-44A5-954A-A39A0969DB83}.Debug|Any CPU.ActiveCfg = Debug|Any CPU
		{C9135AFB-41DE-44A5-954A-A39A0969DB83}.Debug|Any CPU.Build.0 = Debug|Any CPU
		{C9135AFB-41DE-44A5-954A-A39A0969DB83}.Debug|x64.ActiveCfg = Debug|Any CPU
		{C9135AFB-41DE-44A5-954A-A39A0969DB83}.Debug|x64.Build.0 = Debug|Any CPU
		{C9135AFB-41DE-44A5-954A-A39A0969DB83}.Debug|x86.ActiveCfg = Debug|Any CPU
		{C9135AFB-41DE-44A5-954A-A39A0969DB83}.Debug|x86.Build.0 = Debug|Any CPU
		{C9135AFB-41DE-44A5-954A-A39A0969DB83}.Release|Any CPU.ActiveCfg = Release|Any CPU
		{C9135AFB-41DE-44A5-954A-A39A0969DB83}.Release|Any CPU.Build.0 = Release|Any CPU
		{C9135AFB-41DE-44A5-954A-A39A0969DB83}.Release|x64.ActiveCfg = Release|Any CPU
		{C9135AFB-41DE-44A5-954A-A39A0969DB83}.Release|x64.Build.0 = Release|Any CPU
		{C9135AFB-41DE-44A5-954A-A39A0969DB83}.Release|x86.ActiveCfg = Release|Any CPU
		{C9135AFB-41DE-44A5-954A-A39A0969DB83}.Release|x86.Build.0 = Release|Any CPU
		{AB513DE0-9D08-43A0-B328-C9DB9D312B9B}.Debug|Any CPU.ActiveCfg = Debug|Any CPU
		{AB513DE0-9D08-43A0-B328-C9DB9D312B9B}.Debug|Any CPU.Build.0 = Debug|Any CPU
		{AB513DE0-9D08-43A0-B328-C9DB9D312B9B}.Debug|x64.ActiveCfg = Debug|Any CPU
		{AB513DE0-9D08-43A0-B328-C9DB9D312B9B}.Debug|x64.Build.0 = Debug|Any CPU
		{AB513DE0-9D08-43A0-B328-C9DB9D312B9B}.Debug|x86.ActiveCfg = Debug|Any CPU
		{AB513DE0-9D08-43A0-B328-C9DB9D312B9B}.Debug|x86.Build.0 = Debug|Any CPU
		{AB513DE0-9D08-43A0-B328-C9DB9D312B9B}.Release|Any CPU.ActiveCfg = Release|Any CPU
		{AB513DE0-9D08-43A0-B328-C9DB9D312B9B}.Release|Any CPU.Build.0 = Release|Any CPU
		{AB513DE0-9D08-43A0-B328-C9DB9D312B9B}.Release|x64.ActiveCfg = Release|Any CPU
		{AB513DE0-9D08-43A0-B328-C9DB9D312B9B}.Release|x64.Build.0 = Release|Any CPU
		{AB513DE0-9D08-43A0-B328-C9DB9D312B9B}.Release|x86.ActiveCfg = Release|Any CPU
		{AB513DE0-9D08-43A0-B328-C9DB9D312B9B}.Release|x86.Build.0 = Release|Any CPU
		{2E0D7727-D859-49AC-9ED7-602BEE127256}.Debug|Any CPU.ActiveCfg = Debug|Any CPU
		{2E0D7727-D859-49AC-9ED7-602BEE127256}.Debug|Any CPU.Build.0 = Debug|Any CPU
		{2E0D7727-D859-49AC-9ED7-602BEE127256}.Debug|x64.ActiveCfg = Debug|Any CPU
		{2E0D7727-D859-49AC-9ED7-602BEE127256}.Debug|x64.Build.0 = Debug|Any CPU
		{2E0D7727-D859-49AC-9ED7-602BEE127256}.Debug|x86.ActiveCfg = Debug|Any CPU
		{2E0D7727-D859-49AC-9ED7-602BEE127256}.Debug|x86.Build.0 = Debug|Any CPU
		{2E0D7727-D859-49AC-9ED7-602BEE127256}.Release|Any CPU.ActiveCfg = Release|Any CPU
		{2E0D7727-D859-49AC-9ED7-602BEE127256}.Release|Any CPU.Build.0 = Release|Any CPU
		{2E0D7727-D859-49AC-9ED7-602BEE127256}.Release|x64.ActiveCfg = Release|Any CPU
		{2E0D7727-D859-49AC-9ED7-602BEE127256}.Release|x64.Build.0 = Release|Any CPU
		{2E0D7727-D859-49AC-9ED7-602BEE127256}.Release|x86.ActiveCfg = Release|Any CPU
		{2E0D7727-D859-49AC-9ED7-602BEE127256}.Release|x86.Build.0 = Release|Any CPU
		{D68318FE-F639-4AC6-B668-05796D7F9E79}.Debug|Any CPU.ActiveCfg = Debug|Any CPU
		{D68318FE-F639-4AC6-B668-05796D7F9E79}.Debug|Any CPU.Build.0 = Debug|Any CPU
		{D68318FE-F639-4AC6-B668-05796D7F9E79}.Debug|x64.ActiveCfg = Debug|Any CPU
		{D68318FE-F639-4AC6-B668-05796D7F9E79}.Debug|x64.Build.0 = Debug|Any CPU
		{D68318FE-F639-4AC6-B668-05796D7F9E79}.Debug|x86.ActiveCfg = Debug|Any CPU
		{D68318FE-F639-4AC6-B668-05796D7F9E79}.Debug|x86.Build.0 = Debug|Any CPU
		{D68318FE-F639-4AC6-B668-05796D7F9E79}.Release|Any CPU.ActiveCfg = Release|Any CPU
		{D68318FE-F639-4AC6-B668-05796D7F9E79}.Release|Any CPU.Build.0 = Release|Any CPU
		{D68318FE-F639-4AC6-B668-05796D7F9E79}.Release|x64.ActiveCfg = Release|Any CPU
		{D68318FE-F639-4AC6-B668-05796D7F9E79}.Release|x64.Build.0 = Release|Any CPU
		{D68318FE-F639-4AC6-B668-05796D7F9E79}.Release|x86.ActiveCfg = Release|Any CPU
		{D68318FE-F639-4AC6-B668-05796D7F9E79}.Release|x86.Build.0 = Release|Any CPU
		{D2A87B24-B83C-46F0-9313-1434C788FCA9}.Debug|Any CPU.ActiveCfg = Debug|Any CPU
		{D2A87B24-B83C-46F0-9313-1434C788FCA9}.Debug|Any CPU.Build.0 = Debug|Any CPU
		{D2A87B24-B83C-46F0-9313-1434C788FCA9}.Debug|x64.ActiveCfg = Debug|Any CPU
		{D2A87B24-B83C-46F0-9313-1434C788FCA9}.Debug|x64.Build.0 = Debug|Any CPU
		{D2A87B24-B83C-46F0-9313-1434C788FCA9}.Debug|x86.ActiveCfg = Debug|Any CPU
		{D2A87B24-B83C-46F0-9313-1434C788FCA9}.Debug|x86.Build.0 = Debug|Any CPU
		{D2A87B24-B83C-46F0-9313-1434C788FCA9}.Release|Any CPU.ActiveCfg = Release|Any CPU
		{D2A87B24-B83C-46F0-9313-1434C788FCA9}.Release|Any CPU.Build.0 = Release|Any CPU
		{D2A87B24-B83C-46F0-9313-1434C788FCA9}.Release|x64.ActiveCfg = Release|Any CPU
		{D2A87B24-B83C-46F0-9313-1434C788FCA9}.Release|x64.Build.0 = Release|Any CPU
		{D2A87B24-B83C-46F0-9313-1434C788FCA9}.Release|x86.ActiveCfg = Release|Any CPU
		{D2A87B24-B83C-46F0-9313-1434C788FCA9}.Release|x86.Build.0 = Release|Any CPU
		{92034E81-7F4F-4820-A70F-939D875DEA20}.Debug|Any CPU.ActiveCfg = Debug|Any CPU
		{92034E81-7F4F-4820-A70F-939D875DEA20}.Debug|Any CPU.Build.0 = Debug|Any CPU
		{92034E81-7F4F-4820-A70F-939D875DEA20}.Debug|x64.ActiveCfg = Debug|Any CPU
		{92034E81-7F4F-4820-A70F-939D875DEA20}.Debug|x64.Build.0 = Debug|Any CPU
		{92034E81-7F4F-4820-A70F-939D875DEA20}.Debug|x86.ActiveCfg = Debug|Any CPU
		{92034E81-7F4F-4820-A70F-939D875DEA20}.Debug|x86.Build.0 = Debug|Any CPU
		{92034E81-7F4F-4820-A70F-939D875DEA20}.Release|Any CPU.ActiveCfg = Release|Any CPU
		{92034E81-7F4F-4820-A70F-939D875DEA20}.Release|Any CPU.Build.0 = Release|Any CPU
		{92034E81-7F4F-4820-A70F-939D875DEA20}.Release|x64.ActiveCfg = Release|Any CPU
		{92034E81-7F4F-4820-A70F-939D875DEA20}.Release|x64.Build.0 = Release|Any CPU
		{92034E81-7F4F-4820-A70F-939D875DEA20}.Release|x86.ActiveCfg = Release|Any CPU
		{92034E81-7F4F-4820-A70F-939D875DEA20}.Release|x86.Build.0 = Release|Any CPU
		{705B0B47-E7EA-4AD4-A782-E3E60B1E4F29}.Debug|Any CPU.ActiveCfg = Debug|Any CPU
		{705B0B47-E7EA-4AD4-A782-E3E60B1E4F29}.Debug|Any CPU.Build.0 = Debug|Any CPU
		{705B0B47-E7EA-4AD4-A782-E3E60B1E4F29}.Debug|x64.ActiveCfg = Debug|Any CPU
		{705B0B47-E7EA-4AD4-A782-E3E60B1E4F29}.Debug|x64.Build.0 = Debug|Any CPU
		{705B0B47-E7EA-4AD4-A782-E3E60B1E4F29}.Debug|x86.ActiveCfg = Debug|Any CPU
		{705B0B47-E7EA-4AD4-A782-E3E60B1E4F29}.Debug|x86.Build.0 = Debug|Any CPU
		{705B0B47-E7EA-4AD4-A782-E3E60B1E4F29}.Release|Any CPU.ActiveCfg = Release|Any CPU
		{705B0B47-E7EA-4AD4-A782-E3E60B1E4F29}.Release|Any CPU.Build.0 = Release|Any CPU
		{705B0B47-E7EA-4AD4-A782-E3E60B1E4F29}.Release|x64.ActiveCfg = Release|Any CPU
		{705B0B47-E7EA-4AD4-A782-E3E60B1E4F29}.Release|x64.Build.0 = Release|Any CPU
		{705B0B47-E7EA-4AD4-A782-E3E60B1E4F29}.Release|x86.ActiveCfg = Release|Any CPU
		{705B0B47-E7EA-4AD4-A782-E3E60B1E4F29}.Release|x86.Build.0 = Release|Any CPU
		{783D32C8-0988-4285-9207-26DBA110F2C9}.Debug|Any CPU.ActiveCfg = Debug|Any CPU
		{783D32C8-0988-4285-9207-26DBA110F2C9}.Debug|Any CPU.Build.0 = Debug|Any CPU
		{783D32C8-0988-4285-9207-26DBA110F2C9}.Debug|Any CPU.Deploy.0 = Debug|Any CPU
		{783D32C8-0988-4285-9207-26DBA110F2C9}.Debug|x64.ActiveCfg = Debug|Any CPU
		{783D32C8-0988-4285-9207-26DBA110F2C9}.Debug|x64.Build.0 = Debug|Any CPU
		{783D32C8-0988-4285-9207-26DBA110F2C9}.Debug|x64.Deploy.0 = Debug|Any CPU
		{783D32C8-0988-4285-9207-26DBA110F2C9}.Debug|x86.ActiveCfg = Debug|Any CPU
		{783D32C8-0988-4285-9207-26DBA110F2C9}.Debug|x86.Build.0 = Debug|Any CPU
		{783D32C8-0988-4285-9207-26DBA110F2C9}.Debug|x86.Deploy.0 = Debug|Any CPU
		{783D32C8-0988-4285-9207-26DBA110F2C9}.Release|Any CPU.ActiveCfg = Release|Any CPU
		{783D32C8-0988-4285-9207-26DBA110F2C9}.Release|Any CPU.Build.0 = Release|Any CPU
		{783D32C8-0988-4285-9207-26DBA110F2C9}.Release|Any CPU.Deploy.0 = Release|Any CPU
		{783D32C8-0988-4285-9207-26DBA110F2C9}.Release|x64.ActiveCfg = Release|Any CPU
		{783D32C8-0988-4285-9207-26DBA110F2C9}.Release|x64.Build.0 = Release|Any CPU
		{783D32C8-0988-4285-9207-26DBA110F2C9}.Release|x64.Deploy.0 = Release|Any CPU
		{783D32C8-0988-4285-9207-26DBA110F2C9}.Release|x86.ActiveCfg = Release|Any CPU
		{783D32C8-0988-4285-9207-26DBA110F2C9}.Release|x86.Build.0 = Release|Any CPU
		{783D32C8-0988-4285-9207-26DBA110F2C9}.Release|x86.Deploy.0 = Release|Any CPU
		{851456D3-A9A8-489F-BF31-FB03338EB419}.Debug|Any CPU.ActiveCfg = Debug|Any CPU
		{851456D3-A9A8-489F-BF31-FB03338EB419}.Debug|Any CPU.Build.0 = Debug|Any CPU
		{851456D3-A9A8-489F-BF31-FB03338EB419}.Debug|x64.ActiveCfg = Debug|Any CPU
		{851456D3-A9A8-489F-BF31-FB03338EB419}.Debug|x64.Build.0 = Debug|Any CPU
		{851456D3-A9A8-489F-BF31-FB03338EB419}.Debug|x86.ActiveCfg = Debug|Any CPU
		{851456D3-A9A8-489F-BF31-FB03338EB419}.Debug|x86.Build.0 = Debug|Any CPU
		{851456D3-A9A8-489F-BF31-FB03338EB419}.Release|Any CPU.ActiveCfg = Release|Any CPU
		{851456D3-A9A8-489F-BF31-FB03338EB419}.Release|Any CPU.Build.0 = Release|Any CPU
		{851456D3-A9A8-489F-BF31-FB03338EB419}.Release|x64.ActiveCfg = Release|Any CPU
		{851456D3-A9A8-489F-BF31-FB03338EB419}.Release|x64.Build.0 = Release|Any CPU
		{851456D3-A9A8-489F-BF31-FB03338EB419}.Release|x86.ActiveCfg = Release|Any CPU
		{851456D3-A9A8-489F-BF31-FB03338EB419}.Release|x86.Build.0 = Release|Any CPU
		{0E91EE84-0237-4F1D-9394-D5CEC7CAF0EB}.Debug|Any CPU.ActiveCfg = Debug|Any CPU
		{0E91EE84-0237-4F1D-9394-D5CEC7CAF0EB}.Debug|Any CPU.Build.0 = Debug|Any CPU
		{0E91EE84-0237-4F1D-9394-D5CEC7CAF0EB}.Debug|x64.ActiveCfg = Debug|Any CPU
		{0E91EE84-0237-4F1D-9394-D5CEC7CAF0EB}.Debug|x64.Build.0 = Debug|Any CPU
		{0E91EE84-0237-4F1D-9394-D5CEC7CAF0EB}.Debug|x86.ActiveCfg = Debug|Any CPU
		{0E91EE84-0237-4F1D-9394-D5CEC7CAF0EB}.Debug|x86.Build.0 = Debug|Any CPU
		{0E91EE84-0237-4F1D-9394-D5CEC7CAF0EB}.Release|Any CPU.ActiveCfg = Release|Any CPU
		{0E91EE84-0237-4F1D-9394-D5CEC7CAF0EB}.Release|Any CPU.Build.0 = Release|Any CPU
		{0E91EE84-0237-4F1D-9394-D5CEC7CAF0EB}.Release|x64.ActiveCfg = Release|Any CPU
		{0E91EE84-0237-4F1D-9394-D5CEC7CAF0EB}.Release|x64.Build.0 = Release|Any CPU
		{0E91EE84-0237-4F1D-9394-D5CEC7CAF0EB}.Release|x86.ActiveCfg = Release|Any CPU
		{0E91EE84-0237-4F1D-9394-D5CEC7CAF0EB}.Release|x86.Build.0 = Release|Any CPU
		{711F86AE-3201-413D-ABC7-5FEE3420495E}.Debug|Any CPU.ActiveCfg = Debug|Any CPU
		{711F86AE-3201-413D-ABC7-5FEE3420495E}.Debug|Any CPU.Build.0 = Debug|Any CPU
		{711F86AE-3201-413D-ABC7-5FEE3420495E}.Debug|x64.ActiveCfg = Debug|Any CPU
		{711F86AE-3201-413D-ABC7-5FEE3420495E}.Debug|x64.Build.0 = Debug|Any CPU
		{711F86AE-3201-413D-ABC7-5FEE3420495E}.Debug|x86.ActiveCfg = Debug|Any CPU
		{711F86AE-3201-413D-ABC7-5FEE3420495E}.Debug|x86.Build.0 = Debug|Any CPU
		{711F86AE-3201-413D-ABC7-5FEE3420495E}.Release|Any CPU.ActiveCfg = Release|Any CPU
		{711F86AE-3201-413D-ABC7-5FEE3420495E}.Release|Any CPU.Build.0 = Release|Any CPU
		{711F86AE-3201-413D-ABC7-5FEE3420495E}.Release|x64.ActiveCfg = Release|Any CPU
		{711F86AE-3201-413D-ABC7-5FEE3420495E}.Release|x64.Build.0 = Release|Any CPU
		{711F86AE-3201-413D-ABC7-5FEE3420495E}.Release|x86.ActiveCfg = Release|Any CPU
		{711F86AE-3201-413D-ABC7-5FEE3420495E}.Release|x86.Build.0 = Release|Any CPU
		{8937A15D-99B6-4C71-BD03-7A1D34995156}.Debug|Any CPU.ActiveCfg = Debug|Any CPU
		{8937A15D-99B6-4C71-BD03-7A1D34995156}.Debug|Any CPU.Build.0 = Debug|Any CPU
		{8937A15D-99B6-4C71-BD03-7A1D34995156}.Debug|x64.ActiveCfg = Debug|Any CPU
		{8937A15D-99B6-4C71-BD03-7A1D34995156}.Debug|x64.Build.0 = Debug|Any CPU
		{8937A15D-99B6-4C71-BD03-7A1D34995156}.Debug|x86.ActiveCfg = Debug|Any CPU
		{8937A15D-99B6-4C71-BD03-7A1D34995156}.Debug|x86.Build.0 = Debug|Any CPU
		{8937A15D-99B6-4C71-BD03-7A1D34995156}.Release|Any CPU.ActiveCfg = Release|Any CPU
		{8937A15D-99B6-4C71-BD03-7A1D34995156}.Release|Any CPU.Build.0 = Release|Any CPU
		{8937A15D-99B6-4C71-BD03-7A1D34995156}.Release|x64.ActiveCfg = Release|Any CPU
		{8937A15D-99B6-4C71-BD03-7A1D34995156}.Release|x64.Build.0 = Release|Any CPU
		{8937A15D-99B6-4C71-BD03-7A1D34995156}.Release|x86.ActiveCfg = Release|Any CPU
		{8937A15D-99B6-4C71-BD03-7A1D34995156}.Release|x86.Build.0 = Release|Any CPU
	EndGlobalSection
	GlobalSection(SolutionProperties) = preSolution
		HideSolutionNode = FALSE
	EndGlobalSection
	GlobalSection(ExtensibilityGlobals) = postSolution
		SolutionGuid = {E00B9F45-D0BF-4712-BD74-769858FDD197}
	EndGlobalSection
EndGlobal
