
Microsoft Visual Studio Solution File, Format Version 12.00
# Visual Studio Version 16
VisualStudioVersion = 16.0.29102.190
MinimumVisualStudioVersion = 10.0.40219.1
Project("{FAE04EC0-301F-11D3-BF4B-00C04F79EFBC}") = "CreateDoorsAndLevels", "CreateDoorsAndLevels\CreateDoorsAndLevels.csproj", "{7EB04C39-9C85-4FA8-BE67-BD6B772BACCC}"
EndProject
Global
	GlobalSection(SolutionConfigurationPlatforms) = preSolution
		Debug|Any CPU = Debug|Any CPU
		Release|Any CPU = Release|Any CPU
	EndGlobalSection
	GlobalSection(ProjectConfigurationPlatforms) = postSolution
		{7EB04C39-9C85-4FA8-BE67-BD6B772BACCC}.Debug|Any CPU.ActiveCfg = Debug|Any CPU
		{7EB04C39-9C85-4FA8-BE67-BD6B772BACCC}.Debug|Any CPU.Build.0 = Debug|Any CPU
		{7EB04C39-9C85-4FA8-BE67-BD6B772BACCC}.Release|Any CPU.ActiveCfg = Release|Any CPU
		{7EB04C39-9C85-4FA8-BE67-BD6B772BACCC}.Release|Any CPU.Build.0 = Release|Any CPU
	EndGlobalSection
	GlobalSection(SolutionProperties) = preSolution
		HideSolutionNode = FALSE
	EndGlobalSection
	GlobalSection(ExtensibilityGlobals) = postSolution
		SolutionGuid = {B1974030-8520-47F1-B08D-660E6B99BF22}
	EndGlobalSection
EndGlobal
