
Microsoft Visual Studio Solution File, Format Version 12.00
# Visual Studio Version 16
VisualStudioVersion = 16.0.29102.190
MinimumVisualStudioVersion = 10.0.40219.1
Project("{FAE04EC0-301F-11D3-BF4B-00C04F79EFBC}") = "ConsoleDrawGame", "ConsoleDrawGame\ConsoleDrawGame.csproj", "{034C4F1F-2B51-413F-8DD2-9C07E86E6BA1}"
EndProject
Global
	GlobalSection(SolutionConfigurationPlatforms) = preSolution
		Debug|Any CPU = Debug|Any CPU
		Release|Any CPU = Release|Any CPU
	EndGlobalSection
	GlobalSection(ProjectConfigurationPlatforms) = postSolution
		{034C4F1F-2B51-413F-8DD2-9C07E86E6BA1}.Debug|Any CPU.ActiveCfg = Debug|Any CPU
		{034C4F1F-2B51-413F-8DD2-9C07E86E6BA1}.Debug|Any CPU.Build.0 = Debug|Any CPU
		{034C4F1F-2B51-413F-8DD2-9C07E86E6BA1}.Release|Any CPU.ActiveCfg = Release|Any CPU
		{034C4F1F-2B51-413F-8DD2-9C07E86E6BA1}.Release|Any CPU.Build.0 = Release|Any CPU
	EndGlobalSection
	GlobalSection(SolutionProperties) = preSolution
		HideSolutionNode = FALSE
	EndGlobalSection
	GlobalSection(ExtensibilityGlobals) = postSolution
		SolutionGuid = {3FCB81D5-F3CC-4608-81BC-F5F48E7CEE35}
	EndGlobalSection
EndGlobal
