
Microsoft Visual Studio Solution File, Format Version 12.00
# Visual Studio Version 16
VisualStudioVersion = 16.0.29201.188
MinimumVisualStudioVersion = 10.0.40219.1
Project("{FAE04EC0-301F-11D3-BF4B-00C04F79EFBC}") = "WebApiTradingServer", "WebApiTradingServer\WebApiTradingServer.csproj", "{43E81E49-19AC-410D-85F0-CD1D89BF3325}"
EndProject
Project("{FAE04EC0-301F-11D3-BF4B-00C04F79EFBC}") = "TradingSoftware.Core", "TradingSoftware.Core\TradingSoftware.Core.csproj", "{D04F2B63-6B6D-4AAE-A04D-186C2670FD25}"
EndProject
Project("{FAE04EC0-301F-11D3-BF4B-00C04F79EFBC}") = "TradingSoftware.Core.Tests", "TradingSoftware.Core.Tests\TradingSoftware.Core.Tests.csproj", "{97720183-AE8E-4BB6-8412-1F7E75D65524}"
EndProject
Project("{FAE04EC0-301F-11D3-BF4B-00C04F79EFBC}") = "TradingApiClient", "TradingApiClient\TradingApiClient.csproj", "{1B3DC807-FC6C-4523-BCC9-7700C89CE716}"
EndProject
Global
	GlobalSection(SolutionConfigurationPlatforms) = preSolution
		Debug|Any CPU = Debug|Any CPU
		Release|Any CPU = Release|Any CPU
	EndGlobalSection
	GlobalSection(ProjectConfigurationPlatforms) = postSolution
		{43E81E49-19AC-410D-85F0-CD1D89BF3325}.Debug|Any CPU.ActiveCfg = Debug|Any CPU
		{43E81E49-19AC-410D-85F0-CD1D89BF3325}.Debug|Any CPU.Build.0 = Debug|Any CPU
		{43E81E49-19AC-410D-85F0-CD1D89BF3325}.Release|Any CPU.ActiveCfg = Release|Any CPU
		{43E81E49-19AC-410D-85F0-CD1D89BF3325}.Release|Any CPU.Build.0 = Release|Any CPU
		{D04F2B63-6B6D-4AAE-A04D-186C2670FD25}.Debug|Any CPU.ActiveCfg = Debug|Any CPU
		{D04F2B63-6B6D-4AAE-A04D-186C2670FD25}.Debug|Any CPU.Build.0 = Debug|Any CPU
		{D04F2B63-6B6D-4AAE-A04D-186C2670FD25}.Release|Any CPU.ActiveCfg = Release|Any CPU
		{D04F2B63-6B6D-4AAE-A04D-186C2670FD25}.Release|Any CPU.Build.0 = Release|Any CPU
		{97720183-AE8E-4BB6-8412-1F7E75D65524}.Debug|Any CPU.ActiveCfg = Debug|Any CPU
		{97720183-AE8E-4BB6-8412-1F7E75D65524}.Debug|Any CPU.Build.0 = Debug|Any CPU
		{97720183-AE8E-4BB6-8412-1F7E75D65524}.Release|Any CPU.ActiveCfg = Release|Any CPU
		{97720183-AE8E-4BB6-8412-1F7E75D65524}.Release|Any CPU.Build.0 = Release|Any CPU
		{1B3DC807-FC6C-4523-BCC9-7700C89CE716}.Debug|Any CPU.ActiveCfg = Debug|Any CPU
		{1B3DC807-FC6C-4523-BCC9-7700C89CE716}.Debug|Any CPU.Build.0 = Debug|Any CPU
		{1B3DC807-FC6C-4523-BCC9-7700C89CE716}.Release|Any CPU.ActiveCfg = Release|Any CPU
		{1B3DC807-FC6C-4523-BCC9-7700C89CE716}.Release|Any CPU.Build.0 = Release|Any CPU
	EndGlobalSection
	GlobalSection(SolutionProperties) = preSolution
		HideSolutionNode = FALSE
	EndGlobalSection
	GlobalSection(ExtensibilityGlobals) = postSolution
		SolutionGuid = {A90774A6-FC56-4AE6-9423-0B7AD5A87005}
	EndGlobalSection
EndGlobal
