
Microsoft Visual Studio Solution File, Format Version 12.00
# Visual Studio Version 16
VisualStudioVersion = 16.0.29215.179
MinimumVisualStudioVersion = 10.0.40219.1
Project("{FAE04EC0-301F-11D3-BF4B-00C04F79EFBC}") = "Multithread.Core", "Multithread.Core\Multithread.Core.csproj", "{9C18A140-D85F-4355-B307-E24FE9735CD3}"
EndProject
Project("{FAE04EC0-301F-11D3-BF4B-00C04F79EFBC}") = "Multithread.Core.Tests", "Multithread.Core.Tests\Multithread.Core.Tests.csproj", "{62DC5374-F030-4314-8F7C-497AC3EEE915}"
EndProject
Project("{FAE04EC0-301F-11D3-BF4B-00C04F79EFBC}") = "Multithread.ConsoleApp", "Multithread.ConsoleApp\Multithread.ConsoleApp.csproj", "{C533590A-1036-4F87-A0D1-4EB9BD128310}"
EndProject
Global
	GlobalSection(SolutionConfigurationPlatforms) = preSolution
		Debug|Any CPU = Debug|Any CPU
		Release|Any CPU = Release|Any CPU
	EndGlobalSection
	GlobalSection(ProjectConfigurationPlatforms) = postSolution
		{9C18A140-D85F-4355-B307-E24FE9735CD3}.Debug|Any CPU.ActiveCfg = Debug|Any CPU
		{9C18A140-D85F-4355-B307-E24FE9735CD3}.Debug|Any CPU.Build.0 = Debug|Any CPU
		{9C18A140-D85F-4355-B307-E24FE9735CD3}.Release|Any CPU.ActiveCfg = Release|Any CPU
		{9C18A140-D85F-4355-B307-E24FE9735CD3}.Release|Any CPU.Build.0 = Release|Any CPU
		{62DC5374-F030-4314-8F7C-497AC3EEE915}.Debug|Any CPU.ActiveCfg = Debug|Any CPU
		{62DC5374-F030-4314-8F7C-497AC3EEE915}.Debug|Any CPU.Build.0 = Debug|Any CPU
		{62DC5374-F030-4314-8F7C-497AC3EEE915}.Release|Any CPU.ActiveCfg = Release|Any CPU
		{62DC5374-F030-4314-8F7C-497AC3EEE915}.Release|Any CPU.Build.0 = Release|Any CPU
		{C533590A-1036-4F87-A0D1-4EB9BD128310}.Debug|Any CPU.ActiveCfg = Debug|Any CPU
		{C533590A-1036-4F87-A0D1-4EB9BD128310}.Debug|Any CPU.Build.0 = Debug|Any CPU
		{C533590A-1036-4F87-A0D1-4EB9BD128310}.Release|Any CPU.ActiveCfg = Release|Any CPU
		{C533590A-1036-4F87-A0D1-4EB9BD128310}.Release|Any CPU.Build.0 = Release|Any CPU
	EndGlobalSection
	GlobalSection(SolutionProperties) = preSolution
		HideSolutionNode = FALSE
	EndGlobalSection
	GlobalSection(ExtensibilityGlobals) = postSolution
		SolutionGuid = {8FFE35DC-936E-46C1-A5D2-FD37262454C0}
	EndGlobalSection
EndGlobal
