
Microsoft Visual Studio Solution File, Format Version 12.00
# Visual Studio Version 16
VisualStudioVersion = 16.0.29123.88
MinimumVisualStudioVersion = 10.0.40219.1
Project("{00D1A9C2-B5F0-4AF3-8072-F6C62B433612}") = "HW4", "Database1\HW4.sqlproj", "{A3CBC9C0-3DF0-4846-81A9-FECC9BA5FDA5}"
EndProject
Global
	GlobalSection(SolutionConfigurationPlatforms) = preSolution
		Debug|Any CPU = Debug|Any CPU
		Release|Any CPU = Release|Any CPU
	EndGlobalSection
	GlobalSection(ProjectConfigurationPlatforms) = postSolution
		{A3CBC9C0-3DF0-4846-81A9-FECC9BA5FDA5}.Debug|Any CPU.ActiveCfg = Debug|Any CPU
		{A3CBC9C0-3DF0-4846-81A9-FECC9BA5FDA5}.Debug|Any CPU.Build.0 = Debug|Any CPU
		{A3CBC9C0-3DF0-4846-81A9-FECC9BA5FDA5}.Debug|Any CPU.Deploy.0 = Debug|Any CPU
		{A3CBC9C0-3DF0-4846-81A9-FECC9BA5FDA5}.Release|Any CPU.ActiveCfg = Release|Any CPU
		{A3CBC9C0-3DF0-4846-81A9-FECC9BA5FDA5}.Release|Any CPU.Build.0 = Release|Any CPU
		{A3CBC9C0-3DF0-4846-81A9-FECC9BA5FDA5}.Release|Any CPU.Deploy.0 = Release|Any CPU
	EndGlobalSection
	GlobalSection(SolutionProperties) = preSolution
		HideSolutionNode = FALSE
	EndGlobalSection
	GlobalSection(ExtensibilityGlobals) = postSolution
		SolutionGuid = {9A10776B-5198-4279-94DD-3A5ABBF1FD16}
	EndGlobalSection
EndGlobal
