
Microsoft Visual Studio Solution File, Format Version 12.00
# Visual Studio Version 16
VisualStudioVersion = 16.0.29102.190
MinimumVisualStudioVersion = 10.0.40219.1
Project("{FAE04EC0-301F-11D3-BF4B-00C04F79EFBC}") = "GameWhichCanDraw", "GameWhichCanDraw\GameWhichCanDraw.csproj", "{1D008AC9-85B0-4728-BAF5-ED70A446ADBA}"
EndProject
Global
	GlobalSection(SolutionConfigurationPlatforms) = preSolution
		Debug|Any CPU = Debug|Any CPU
		Release|Any CPU = Release|Any CPU
	EndGlobalSection
	GlobalSection(ProjectConfigurationPlatforms) = postSolution
		{1D008AC9-85B0-4728-BAF5-ED70A446ADBA}.Debug|Any CPU.ActiveCfg = Debug|Any CPU
		{1D008AC9-85B0-4728-BAF5-ED70A446ADBA}.Debug|Any CPU.Build.0 = Debug|Any CPU
		{1D008AC9-85B0-4728-BAF5-ED70A446ADBA}.Release|Any CPU.ActiveCfg = Release|Any CPU
		{1D008AC9-85B0-4728-BAF5-ED70A446ADBA}.Release|Any CPU.Build.0 = Release|Any CPU
	EndGlobalSection
	GlobalSection(SolutionProperties) = preSolution
		HideSolutionNode = FALSE
	EndGlobalSection
	GlobalSection(ExtensibilityGlobals) = postSolution
		SolutionGuid = {CCE06345-B97C-4EC2-A039-7C694FFB2044}
	EndGlobalSection
EndGlobal
